
Microsoft Visual Studio Solution File, Format Version 12.00
Project("{FAE04EC0-301F-11D3-BF4B-00C04F79EFBC}") = "Assignment1", "Assignment1\Assignment1.csproj", "{6B585E44-AB00-4D9C-A86F-1B0E11F779D0}"
EndProject
Global
	GlobalSection(SolutionConfigurationPlatforms) = preSolution
		Debug|Any CPU = Debug|Any CPU
		Release|Any CPU = Release|Any CPU
	EndGlobalSection
	GlobalSection(ProjectConfigurationPlatforms) = postSolution
		{6B585E44-AB00-4D9C-A86F-1B0E11F779D0}.Debug|Any CPU.ActiveCfg = Debug|Any CPU
		{6B585E44-AB00-4D9C-A86F-1B0E11F779D0}.Debug|Any CPU.Build.0 = Debug|Any CPU
		{6B585E44-AB00-4D9C-A86F-1B0E11F779D0}.Release|Any CPU.ActiveCfg = Release|Any CPU
		{6B585E44-AB00-4D9C-A86F-1B0E11F779D0}.Release|Any CPU.Build.0 = Release|Any CPU
	EndGlobalSection
EndGlobal
